// !$*UTF8*$!
{
	archiveVersion = 1;
	classes = {
	};
	objectVersion = 48;
	objects = {

/* Begin PBXBuildFile section */
		A8205AD9204BB85400AEF650 /* AppDelegate.swift in Sources */ = {isa = PBXBuildFile; fileRef = A8205AD8204BB85400AEF650 /* AppDelegate.swift */; };
		A8205ADE204BB85400AEF650 /* Main.storyboard in Resources */ = {isa = PBXBuildFile; fileRef = A8205ADC204BB85400AEF650 /* Main.storyboard */; };
		A8205AE0204BB85400AEF650 /* Assets.xcassets in Resources */ = {isa = PBXBuildFile; fileRef = A8205ADF204BB85400AEF650 /* Assets.xcassets */; };
		A8205AE3204BB85400AEF650 /* LaunchScreen.storyboard in Resources */ = {isa = PBXBuildFile; fileRef = A8205AE1204BB85400AEF650 /* LaunchScreen.storyboard */; };
		A8205AEE204BB85400AEF650 /* swiftCourseTest1Tests.swift in Sources */ = {isa = PBXBuildFile; fileRef = A8205AED204BB85400AEF650 /* swiftCourseTest1Tests.swift */; };
		A8205AF9204BB85400AEF650 /* swiftCourseTest1UITests.swift in Sources */ = {isa = PBXBuildFile; fileRef = A8205AF8204BB85400AEF650 /* swiftCourseTest1UITests.swift */; };
		A83D76F9204BCA61007F9E6D /* BrithdayController.swift in Sources */ = {isa = PBXBuildFile; fileRef = A83D76F7204BCA61007F9E6D /* BrithdayController.swift */; };
		A83D76FC204BCC31007F9E6D /* inputController.swift in Sources */ = {isa = PBXBuildFile; fileRef = A83D76FB204BCC31007F9E6D /* inputController.swift */; };
		A83D76FE204BCDE0007F9E6D /* NavigationViewController.swift in Sources */ = {isa = PBXBuildFile; fileRef = A83D76FD204BCDE0007F9E6D /* NavigationViewController.swift */; };
/* End PBXBuildFile section */

/* Begin PBXContainerItemProxy section */
		A8205AEA204BB85400AEF650 /* PBXContainerItemProxy */ = {
			isa = PBXContainerItemProxy;
			containerPortal = A8205ACD204BB85400AEF650 /* Project object */;
			proxyType = 1;
			remoteGlobalIDString = A8205AD4204BB85400AEF650;
			remoteInfo = swiftCourseTest1;
		};
		A8205AF5204BB85400AEF650 /* PBXContainerItemProxy */ = {
			isa = PBXContainerItemProxy;
			containerPortal = A8205ACD204BB85400AEF650 /* Project object */;
			proxyType = 1;
			remoteGlobalIDString = A8205AD4204BB85400AEF650;
			remoteInfo = swiftCourseTest1;
		};
/* End PBXContainerItemProxy section */

/* Begin PBXFileReference section */
		A8205AD5204BB85400AEF650 /* swiftCourseTest1.app */ = {isa = PBXFileReference; explicitFileType = wrapper.application; includeInIndex = 0; path = swiftCourseTest1.app; sourceTree = BUILT_PRODUCTS_DIR; };
		A8205AD8204BB85400AEF650 /* AppDelegate.swift */ = {isa = PBXFileReference; lastKnownFileType = sourcecode.swift; path = AppDelegate.swift; sourceTree = "<group>"; };
		A8205ADD204BB85400AEF650 /* Base */ = {isa = PBXFileReference; lastKnownFileType = file.storyboard; name = Base; path = Base.lproj/Main.storyboard; sourceTree = "<group>"; };
		A8205ADF204BB85400AEF650 /* Assets.xcassets */ = {isa = PBXFileReference; lastKnownFileType = folder.assetcatalog; path = Assets.xcassets; sourceTree = "<group>"; };
		A8205AE2204BB85400AEF650 /* Base */ = {isa = PBXFileReference; lastKnownFileType = file.storyboard; name = Base; path = Base.lproj/LaunchScreen.storyboard; sourceTree = "<group>"; };
		A8205AE4204BB85400AEF650 /* Info.plist */ = {isa = PBXFileReference; lastKnownFileType = text.plist.xml; path = Info.plist; sourceTree = "<group>"; };
		A8205AE9204BB85400AEF650 /* swiftCourseTest1Tests.xctest */ = {isa = PBXFileReference; explicitFileType = wrapper.cfbundle; includeInIndex = 0; path = swiftCourseTest1Tests.xctest; sourceTree = BUILT_PRODUCTS_DIR; };
		A8205AED204BB85400AEF650 /* swiftCourseTest1Tests.swift */ = {isa = PBXFileReference; lastKnownFileType = sourcecode.swift; path = swiftCourseTest1Tests.swift; sourceTree = "<group>"; };
		A8205AEF204BB85400AEF650 /* Info.plist */ = {isa = PBXFileReference; lastKnownFileType = text.plist.xml; path = Info.plist; sourceTree = "<group>"; };
		A8205AF4204BB85400AEF650 /* swiftCourseTest1UITests.xctest */ = {isa = PBXFileReference; explicitFileType = wrapper.cfbundle; includeInIndex = 0; path = swiftCourseTest1UITests.xctest; sourceTree = BUILT_PRODUCTS_DIR; };
		A8205AF8204BB85400AEF650 /* swiftCourseTest1UITests.swift */ = {isa = PBXFileReference; lastKnownFileType = sourcecode.swift; path = swiftCourseTest1UITests.swift; sourceTree = "<group>"; };
		A8205AFA204BB85400AEF650 /* Info.plist */ = {isa = PBXFileReference; lastKnownFileType = text.plist.xml; path = Info.plist; sourceTree = "<group>"; };
		A83D76F7204BCA61007F9E6D /* BrithdayController.swift */ = {isa = PBXFileReference; lastKnownFileType = sourcecode.swift; path = BrithdayController.swift; sourceTree = "<group>"; };
		A83D76FB204BCC31007F9E6D /* inputController.swift */ = {isa = PBXFileReference; lastKnownFileType = sourcecode.swift; path = inputController.swift; sourceTree = "<group>"; };
		A83D76FD204BCDE0007F9E6D /* NavigationViewController.swift */ = {isa = PBXFileReference; lastKnownFileType = sourcecode.swift; path = NavigationViewController.swift; sourceTree = "<group>"; };
/* End PBXFileReference section */

/* Begin PBXFrameworksBuildPhase section */
		A8205AD2204BB85400AEF650 /* Frameworks */ = {
			isa = PBXFrameworksBuildPhase;
			buildActionMask = 2147483647;
			files = (
			);
			runOnlyForDeploymentPostprocessing = 0;
		};
		A8205AE6204BB85400AEF650 /* Frameworks */ = {
			isa = PBXFrameworksBuildPhase;
			buildActionMask = 2147483647;
			files = (
			);
			runOnlyForDeploymentPostprocessing = 0;
		};
		A8205AF1204BB85400AEF650 /* Frameworks */ = {
			isa = PBXFrameworksBuildPhase;
			buildActionMask = 2147483647;
			files = (
			);
			runOnlyForDeploymentPostprocessing = 0;
		};
/* End PBXFrameworksBuildPhase section */

/* Begin PBXGroup section */
		A8205ACC204BB85400AEF650 = {
			isa = PBXGroup;
			children = (
				A8205AD7204BB85400AEF650 /* swiftCourseTest1 */,
				A8205AEC204BB85400AEF650 /* swiftCourseTest1Tests */,
				A8205AF7204BB85400AEF650 /* swiftCourseTest1UITests */,
				A8205AD6204BB85400AEF650 /* Products */,
			);
			sourceTree = "<group>";
		};
		A8205AD6204BB85400AEF650 /* Products */ = {
			isa = PBXGroup;
			children = (
				A8205AD5204BB85400AEF650 /* swiftCourseTest1.app */,
				A8205AE9204BB85400AEF650 /* swiftCourseTest1Tests.xctest */,
				A8205AF4204BB85400AEF650 /* swiftCourseTest1UITests.xctest */,
			);
			name = Products;
			sourceTree = "<group>";
		};
		A8205AD7204BB85400AEF650 /* swiftCourseTest1 */ = {
			isa = PBXGroup;
			children = (
				A8205AD8204BB85400AEF650 /* AppDelegate.swift */,
				A8205ADC204BB85400AEF650 /* Main.storyboard */,
				A83D76F7204BCA61007F9E6D /* BrithdayController.swift */,
				A8205ADF204BB85400AEF650 /* Assets.xcassets */,
				A8205AE1204BB85400AEF650 /* LaunchScreen.storyboard */,
				A8205AE4204BB85400AEF650 /* Info.plist */,
				A83D76FB204BCC31007F9E6D /* inputController.swift */,
				A83D76FD204BCDE0007F9E6D /* NavigationViewController.swift */,
			);
			path = swiftCourseTest1;
			sourceTree = "<group>";
		};
		A8205AEC204BB85400AEF650 /* swiftCourseTest1Tests */ = {
			isa = PBXGroup;
			children = (
				A8205AED204BB85400AEF650 /* swiftCourseTest1Tests.swift */,
				A8205AEF204BB85400AEF650 /* Info.plist */,
			);
			path = swiftCourseTest1Tests;
			sourceTree = "<group>";
		};
		A8205AF7204BB85400AEF650 /* swiftCourseTest1UITests */ = {
			isa = PBXGroup;
			children = (
				A8205AF8204BB85400AEF650 /* swiftCourseTest1UITests.swift */,
				A8205AFA204BB85400AEF650 /* Info.plist */,
			);
			path = swiftCourseTest1UITests;
			sourceTree = "<group>";
		};
/* End PBXGroup section */

/* Begin PBXNativeTarget section */
		A8205AD4204BB85400AEF650 /* swiftCourseTest1 */ = {
			isa = PBXNativeTarget;
			buildConfigurationList = A8205AFD204BB85400AEF650 /* Build configuration list for PBXNativeTarget "swiftCourseTest1" */;
			buildPhases = (
				A8205AD1204BB85400AEF650 /* Sources */,
				A8205AD2204BB85400AEF650 /* Frameworks */,
				A8205AD3204BB85400AEF650 /* Resources */,
			);
			buildRules = (
			);
			dependencies = (
			);
			name = swiftCourseTest1;
			productName = swiftCourseTest1;
			productReference = A8205AD5204BB85400AEF650 /* swiftCourseTest1.app */;
			productType = "com.apple.product-type.application";
		};
		A8205AE8204BB85400AEF650 /* swiftCourseTest1Tests */ = {
			isa = PBXNativeTarget;
			buildConfigurationList = A8205B00204BB85400AEF650 /* Build configuration list for PBXNativeTarget "swiftCourseTest1Tests" */;
			buildPhases = (
				A8205AE5204BB85400AEF650 /* Sources */,
				A8205AE6204BB85400AEF650 /* Frameworks */,
				A8205AE7204BB85400AEF650 /* Resources */,
			);
			buildRules = (
			);
			dependencies = (
				A8205AEB204BB85400AEF650 /* PBXTargetDependency */,
			);
			name = swiftCourseTest1Tests;
			productName = swiftCourseTest1Tests;
			productReference = A8205AE9204BB85400AEF650 /* swiftCourseTest1Tests.xctest */;
			productType = "com.apple.product-type.bundle.unit-test";
		};
		A8205AF3204BB85400AEF650 /* swiftCourseTest1UITests */ = {
			isa = PBXNativeTarget;
			buildConfigurationList = A8205B03204BB85400AEF650 /* Build configuration list for PBXNativeTarget "swiftCourseTest1UITests" */;
			buildPhases = (
				A8205AF0204BB85400AEF650 /* Sources */,
				A8205AF1204BB85400AEF650 /* Frameworks */,
				A8205AF2204BB85400AEF650 /* Resources */,
			);
			buildRules = (
			);
			dependencies = (
				A8205AF6204BB85400AEF650 /* PBXTargetDependency */,
			);
			name = swiftCourseTest1UITests;
			productName = swiftCourseTest1UITests;
			productReference = A8205AF4204BB85400AEF650 /* swiftCourseTest1UITests.xctest */;
			productType = "com.apple.product-type.bundle.ui-testing";
		};
/* End PBXNativeTarget section */

/* Begin PBXProject section */
		A8205ACD204BB85400AEF650 /* Project object */ = {
			isa = PBXProject;
			attributes = {
				LastSwiftUpdateCheck = 0920;
				LastUpgradeCheck = 0920;
				ORGANIZATIONNAME = "Hung Kuo xin";
				TargetAttributes = {
					A8205AD4204BB85400AEF650 = {
						CreatedOnToolsVersion = 9.2;
						ProvisioningStyle = Automatic;
					};
					A8205AE8204BB85400AEF650 = {
						CreatedOnToolsVersion = 9.2;
						ProvisioningStyle = Automatic;
						TestTargetID = A8205AD4204BB85400AEF650;
					};
					A8205AF3204BB85400AEF650 = {
						CreatedOnToolsVersion = 9.2;
						ProvisioningStyle = Automatic;
						TestTargetID = A8205AD4204BB85400AEF650;
					};
				};
			};
			buildConfigurationList = A8205AD0204BB85400AEF650 /* Build configuration list for PBXProject "swiftCourseTest1" */;
			compatibilityVersion = "Xcode 8.0";
			developmentRegion = en;
			hasScannedForEncodings = 0;
			knownRegions = (
				en,
				Base,
			);
			mainGroup = A8205ACC204BB85400AEF650;
			productRefGroup = A8205AD6204BB85400AEF650 /* Products */;
			projectDirPath = "";
			projectRoot = "";
			targets = (
				A8205AD4204BB85400AEF650 /* swiftCourseTest1 */,
				A8205AE8204BB85400AEF650 /* swiftCourseTest1Tests */,
				A8205AF3204BB85400AEF650 /* swiftCourseTest1UITests */,
			);
		};
/* End PBXProject section */

/* Begin PBXResourcesBuildPhase section */
		A8205AD3204BB85400AEF650 /* Resources */ = {
			isa = PBXResourcesBuildPhase;
			buildActionMask = 2147483647;
			files = (
				A8205AE3204BB85400AEF650 /* LaunchScreen.storyboard in Resources */,
				A8205AE0204BB85400AEF650 /* Assets.xcassets in Resources */,
				A8205ADE204BB85400AEF650 /* Main.storyboard in Resources */,
			);
			runOnlyForDeploymentPostprocessing = 0;
		};
		A8205AE7204BB85400AEF650 /* Resources */ = {
			isa = PBXResourcesBuildPhase;
			buildActionMask = 2147483647;
			files = (
			);
			runOnlyForDeploymentPostprocessing = 0;
		};
		A8205AF2204BB85400AEF650 /* Resources */ = {
			isa = PBXResourcesBuildPhase;
			buildActionMask = 2147483647;
			files = (
			);
			runOnlyForDeploymentPostprocessing = 0;
		};
/* End PBXResourcesBuildPhase section */

/* Begin PBXSourcesBuildPhase section */
		A8205AD1204BB85400AEF650 /* Sources */ = {
			isa = PBXSourcesBuildPhase;
			buildActionMask = 2147483647;
			files = (
				A83D76FE204BCDE0007F9E6D /* NavigationViewController.swift in Sources */,
				A83D76FC204BCC31007F9E6D /* inputController.swift in Sources */,
				A83D76F9204BCA61007F9E6D /* BrithdayController.swift in Sources */,
				A8205AD9204BB85400AEF650 /* AppDelegate.swift in Sources */,
			);
			runOnlyForDeploymentPostprocessing = 0;
		};
		A8205AE5204BB85400AEF650 /* Sources */ = {
			isa = PBXSourcesBuildPhase;
			buildActionMask = 2147483647;
			files = (
				A8205AEE204BB85400AEF650 /* swiftCourseTest1Tests.swift in Sources */,
			);
			runOnlyForDeploymentPostprocessing = 0;
		};
		A8205AF0204BB85400AEF650 /* Sources */ = {
			isa = PBXSourcesBuildPhase;
			buildActionMask = 2147483647;
			files = (
				A8205AF9204BB85400AEF650 /* swiftCourseTest1UITests.swift in Sources */,
			);
			runOnlyForDeploymentPostprocessing = 0;
		};
/* End PBXSourcesBuildPhase section */

/* Begin PBXTargetDependency section */
		A8205AEB204BB85400AEF650 /* PBXTargetDependency */ = {
			isa = PBXTargetDependency;
			target = A8205AD4204BB85400AEF650 /* swiftCourseTest1 */;
			targetProxy = A8205AEA204BB85400AEF650 /* PBXContainerItemProxy */;
		};
		A8205AF6204BB85400AEF650 /* PBXTargetDependency */ = {
			isa = PBXTargetDependency;
			target = A8205AD4204BB85400AEF650 /* swiftCourseTest1 */;
			targetProxy = A8205AF5204BB85400AEF650 /* PBXContainerItemProxy */;
		};
/* End PBXTargetDependency section */

/* Begin PBXVariantGroup section */
		A8205ADC204BB85400AEF650 /* Main.storyboard */ = {
			isa = PBXVariantGroup;
			children = (
				A8205ADD204BB85400AEF650 /* Base */,
			);
			name = Main.storyboard;
			sourceTree = "<group>";
		};
		A8205AE1204BB85400AEF650 /* LaunchScreen.storyboard */ = {
			isa = PBXVariantGroup;
			children = (
				A8205AE2204BB85400AEF650 /* Base */,
			);
			name = LaunchScreen.storyboard;
			sourceTree = "<group>";
		};
/* End PBXVariantGroup section */

/* Begin XCBuildConfiguration section */
		A8205AFB204BB85400AEF650 /* Debug */ = {
			isa = XCBuildConfiguration;
			buildSettings = {
				ALWAYS_SEARCH_USER_PATHS = NO;
				CLANG_ANALYZER_NONNULL = YES;
				CLANG_ANALYZER_NUMBER_OBJECT_CONVERSION = YES_AGGRESSIVE;
				CLANG_CXX_LANGUAGE_STANDARD = "gnu++14";
				CLANG_CXX_LIBRARY = "libc++";
				CLANG_ENABLE_MODULES = YES;
				CLANG_ENABLE_OBJC_ARC = YES;
				CLANG_WARN_BLOCK_CAPTURE_AUTORELEASING = YES;
				CLANG_WARN_BOOL_CONVERSION = YES;
				CLANG_WARN_COMMA = YES;
				CLANG_WARN_CONSTANT_CONVERSION = YES;
				CLANG_WARN_DIRECT_OBJC_ISA_USAGE = YES_ERROR;
				CLANG_WARN_DOCUMENTATION_COMMENTS = YES;
				CLANG_WARN_EMPTY_BODY = YES;
				CLANG_WARN_ENUM_CONVERSION = YES;
				CLANG_WARN_INFINITE_RECURSION = YES;
				CLANG_WARN_INT_CONVERSION = YES;
				CLANG_WARN_NON_LITERAL_NULL_CONVERSION = YES;
				CLANG_WARN_OBJC_LITERAL_CONVERSION = YES;
				CLANG_WARN_OBJC_ROOT_CLASS = YES_ERROR;
				CLANG_WARN_RANGE_LOOP_ANALYSIS = YES;
				CLANG_WARN_STRICT_PROTOTYPES = YES;
				CLANG_WARN_SUSPICIOUS_MOVE = YES;
				CLANG_WARN_UNGUARDED_AVAILABILITY = YES_AGGRESSIVE;
				CLANG_WARN_UNREACHABLE_CODE = YES;
				CLANG_WARN__DUPLICATE_METHOD_MATCH = YES;
				CODE_SIGN_IDENTITY = "iPhone Developer";
				COPY_PHASE_STRIP = NO;
				DEBUG_INFORMATION_FORMAT = dwarf;
				ENABLE_STRICT_OBJC_MSGSEND = YES;
				ENABLE_TESTABILITY = YES;
				GCC_C_LANGUAGE_STANDARD = gnu11;
				GCC_DYNAMIC_NO_PIC = NO;
				GCC_NO_COMMON_BLOCKS = YES;
				GCC_OPTIMIZATION_LEVEL = 0;
				GCC_PREPROCESSOR_DEFINITIONS = (
					"DEBUG=1",
					"$(inherited)",
				);
				GCC_WARN_64_TO_32_BIT_CONVERSION = YES;
				GCC_WARN_ABOUT_RETURN_TYPE = YES_ERROR;
				GCC_WARN_UNDECLARED_SELECTOR = YES;
				GCC_WARN_UNINITIALIZED_AUTOS = YES_AGGRESSIVE;
				GCC_WARN_UNUSED_FUNCTION = YES;
				GCC_WARN_UNUSED_VARIABLE = YES;
				IPHONEOS_DEPLOYMENT_TARGET = 11.2;
				MTL_ENABLE_DEBUG_INFO = YES;
				ONLY_ACTIVE_ARCH = YES;
				SDKROOT = iphoneos;
				SWIFT_ACTIVE_COMPILATION_CONDITIONS = DEBUG;
				SWIFT_OPTIMIZATION_LEVEL = "-Onone";
			};
			name = Debug;
		};
		A8205AFC204BB85400AEF650 /* Release */ = {
			isa = XCBuildConfiguration;
			buildSettings = {
				ALWAYS_SEARCH_USER_PATHS = NO;
				CLANG_ANALYZER_NONNULL = YES;
				CLANG_ANALYZER_NUMBER_OBJECT_CONVERSION = YES_AGGRESSIVE;
				CLANG_CXX_LANGUAGE_STANDARD = "gnu++14";
				CLANG_CXX_LIBRARY = "libc++";
				CLANG_ENABLE_MODULES = YES;
				CLANG_ENABLE_OBJC_ARC = YES;
				CLANG_WARN_BLOCK_CAPTURE_AUTORELEASING = YES;
				CLANG_WARN_BOOL_CONVERSION = YES;
				CLANG_WARN_COMMA = YES;
				CLANG_WARN_CONSTANT_CONVERSION = YES;
				CLANG_WARN_DIRECT_OBJC_ISA_USAGE = YES_ERROR;
				CLANG_WARN_DOCUMENTATION_COMMENTS = YES;
				CLANG_WARN_EMPTY_BODY = YES;
				CLANG_WARN_ENUM_CONVERSION = YES;
				CLANG_WARN_INFINITE_RECURSION = YES;
				CLANG_WARN_INT_CONVERSION = YES;
				CLANG_WARN_NON_LITERAL_NULL_CONVERSION = YES;
				CLANG_WARN_OBJC_LITERAL_CONVERSION = YES;
				CLANG_WARN_OBJC_ROOT_CLASS = YES_ERROR;
				CLANG_WARN_RANGE_LOOP_ANALYSIS = YES;
				CLANG_WARN_STRICT_PROTOTYPES = YES;
				CLANG_WARN_SUSPICIOUS_MOVE = YES;
				CLANG_WARN_UNGUARDED_AVAILABILITY = YES_AGGRESSIVE;
				CLANG_WARN_UNREACHABLE_CODE = YES;
				CLANG_WARN__DUPLICATE_METHOD_MATCH = YES;
				CODE_SIGN_IDENTITY = "iPhone Developer";
				COPY_PHASE_STRIP = NO;
				DEBUG_INFORMATION_FORMAT = "dwarf-with-dsym";
				ENABLE_NS_ASSERTIONS = NO;
				ENABLE_STRICT_OBJC_MSGSEND = YES;
				GCC_C_LANGUAGE_STANDARD = gnu11;
				GCC_NO_COMMON_BLOCKS = YES;
				GCC_WARN_64_TO_32_BIT_CONVERSION = YES;
				GCC_WARN_ABOUT_RETURN_TYPE = YES_ERROR;
				GCC_WARN_UNDECLARED_SELECTOR = YES;
				GCC_WARN_UNINITIALIZED_AUTOS = YES_AGGRESSIVE;
				GCC_WARN_UNUSED_FUNCTION = YES;
				GCC_WARN_UNUSED_VARIABLE = YES;
				IPHONEOS_DEPLOYMENT_TARGET = 11.2;
				MTL_ENABLE_DEBUG_INFO = NO;
				SDKROOT = iphoneos;
				SWIFT_OPTIMIZATION_LEVEL = "-Owholemodule";
				VALIDATE_PRODUCT = YES;
			};
			name = Release;
		};
		A8205AFE204BB85400AEF650 /* Debug */ = {
			isa = XCBuildConfiguration;
			buildSettings = {
				ASSETCATALOG_COMPILER_APPICON_NAME = AppIcon;
				CODE_SIGN_STYLE = Automatic;
				DEVELOPMENT_TEAM = 666CF8R6FC;
				INFOPLIST_FILE = swiftCourseTest1/Info.plist;
				LD_RUNPATH_SEARCH_PATHS = "$(inherited) @executable_path/Frameworks";
				PRODUCT_BUNDLE_IDENTIFIER = Test1.swiftCourseTest1;
				PRODUCT_NAME = "$(TARGET_NAME)";
				SWIFT_VERSION = 4.0;
				TARGETED_DEVICE_FAMILY = "1,2";
			};
			name = Debug;
		};
		A8205AFF204BB85400AEF650 /* Release */ = {
			isa = XCBuildConfiguration;
			buildSettings = {
				ASSETCATALOG_COMPILER_APPICON_NAME = AppIcon;
				CODE_SIGN_STYLE = Automatic;
				DEVELOPMENT_TEAM = 666CF8R6FC;
				INFOPLIST_FILE = swiftCourseTest1/Info.plist;
				LD_RUNPATH_SEARCH_PATHS = "$(inherited) @executable_path/Frameworks";
				PRODUCT_BUNDLE_IDENTIFIER = Test1.swiftCourseTest1;
				PRODUCT_NAME = "$(TARGET_NAME)";
				SWIFT_VERSION = 4.0;
				TARGETED_DEVICE_FAMILY = "1,2";
			};
			name = Release;
		};
		A8205B01204BB85400AEF650 /* Debug */ = {
			isa = XCBuildConfiguration;
			buildSettings = {
				ALWAYS_EMBED_SWIFT_STANDARD_LIBRARIES = YES;
				BUNDLE_LOADER = "$(TEST_HOST)";
				CODE_SIGN_STYLE = Automatic;
				DEVELOPMENT_TEAM = 666CF8R6FC;
				INFOPLIST_FILE = swiftCourseTest1Tests/Info.plist;
				LD_RUNPATH_SEARCH_PATHS = "$(inherited) @executable_path/Frameworks @loader_path/Frameworks";
				PRODUCT_BUNDLE_IDENTIFIER = Test1.swiftCourseTest1Tests;
				PRODUCT_NAME = "$(TARGET_NAME)";
				SWIFT_VERSION = 4.0;
				TARGETED_DEVICE_FAMILY = "1,2";
				TEST_HOST = "$(BUILT_PRODUCTS_DIR)/swiftCourseTest1.app/swiftCourseTest1";
			};
			name = Debug;
		};
		A8205B02204BB85400AEF650 /* Release */ = {
			isa = XCBuildConfiguration;
			buildSettings = {
				ALWAYS_EMBED_SWIFT_STANDARD_LIBRARIES = YES;
				BUNDLE_LOADER = "$(TEST_HOST)";
				CODE_SIGN_STYLE = Automatic;
				DEVELOPMENT_TEAM = 666CF8R6FC;
				INFOPLIST_FILE = swiftCourseTest1Tests/Info.plist;
				LD_RUNPATH_SEARCH_PATHS = "$(inherited) @executable_path/Frameworks @loader_path/Frameworks";
				PRODUCT_BUNDLE_IDENTIFIER = Test1.swiftCourseTest1Tests;
				PRODUCT_NAME = "$(TARGET_NAME)";
				SWIFT_VERSION = 4.0;
				TARGETED_DEVICE_FAMILY = "1,2";
				TEST_HOST = "$(BUILT_PRODUCTS_DIR)/swiftCourseTest1.app/swiftCourseTest1";
			};
			name = Release;
		};
		A8205B04204BB85400AEF650 /* Debug */ = {
			isa = XCBuildConfiguration;
			buildSettings = {
				ALWAYS_EMBED_SWIFT_STANDARD_LIBRARIES = YES;
				CODE_SIGN_STYLE = Automatic;
				DEVELOPMENT_TEAM = 666CF8R6FC;
				INFOPLIST_FILE = swiftCourseTest1UITests/Info.plist;
				LD_RUNPATH_SEARCH_PATHS = "$(inherited) @executable_path/Frameworks @loader_path/Frameworks";
				PRODUCT_BUNDLE_IDENTIFIER = Test1.swiftCourseTest1UITests;
				PRODUCT_NAME = "$(TARGET_NAME)";
				SWIFT_VERSION = 4.0;
				TARGETED_DEVICE_FAMILY = "1,2";
				TEST_TARGET_NAME = swiftCourseTest1;
			};
			name = Debug;
		};
		A8205B05204BB85400AEF650 /* Release */ = {
			isa = XCBuildConfiguration;
			buildSettings = {
				ALWAYS_EMBED_SWIFT_STANDARD_LIBRARIES = YES;
				CODE_SIGN_STYLE = Automatic;
				DEVELOPMENT_TEAM = 666CF8R6FC;
				INFOPLIST_FILE = swiftCourseTest1UITests/Info.plist;
				LD_RUNPATH_SEARCH_PATHS = "$(inherited) @executable_path/Frameworks @loader_path/Frameworks";
				PRODUCT_BUNDLE_IDENTIFIER = Test1.swiftCourseTest1UITests;
				PRODUCT_NAME = "$(TARGET_NAME)";
				SWIFT_VERSION = 4.0;
				TARGETED_DEVICE_FAMILY = "1,2";
				TEST_TARGET_NAME = swiftCourseTest1;
			};
			name = Release;
		};
/* End XCBuildConfiguration section */

/* Begin XCConfigurationList section */
		A8205AD0204BB85400AEF650 /* Build configuration list for PBXProject "swiftCourseTest1" */ = {
			isa = XCConfigurationList;
			buildConfigurations = (
				A8205AFB204BB85400AEF650 /* Debug */,
				A8205AFC204BB85400AEF650 /* Release */,
			);
			defaultConfigurationIsVisible = 0;
			defaultConfigurationName = Release;
		};
		A8205AFD204BB85400AEF650 /* Build configuration list for PBXNativeTarget "swiftCourseTest1" */ = {
			isa = XCConfigurationList;
			buildConfigurations = (
				A8205AFE204BB85400AEF650 /* Debug */,
				A8205AFF204BB85400AEF650 /* Release */,
			);
			defaultConfigurationIsVisible = 0;
			defaultConfigurationName = Release;
		};
		A8205B00204BB85400AEF650 /* Build configuration list for PBXNativeTarget "swiftCourseTest1Tests" */ = {
			isa = XCConfigurationList;
			buildConfigurations = (
				A8205B01204BB85400AEF650 /* Debug */,
				A8205B02204BB85400AEF650 /* Release */,
			);
			defaultConfigurationIsVisible = 0;
			defaultConfigurationName = Release;
		};
		A8205B03204BB85400AEF650 /* Build configuration list for PBXNativeTarget "swiftCourseTest1UITests" */ = {
			isa = XCConfigurationList;
			buildConfigurations = (
				A8205B04204BB85400AEF650 /* Debug */,
				A8205B05204BB85400AEF650 /* Release */,
			);
			defaultConfigurationIsVisible = 0;
			defaultConfigurationName = Release;
		};
/* End XCConfigurationList section */
	};
	rootObject = A8205ACD204BB85400AEF650 /* Project object */;
}
